
Microsoft Visual Studio Solution File, Format Version 12.00
# Visual Studio Version 16
VisualStudioVersion = 16.0.30413.136
MinimumVisualStudioVersion = 10.0.40219.1
Project("{9A19103F-16F7-4668-BE54-9A1E7A4F7556}") = "Q2-3", "Q2-3\Q2-3.csproj", "{7A89383B-4FDC-4DA0-9B3E-31C4F0ED86BE}"
EndProject
Project("{FAE04EC0-301F-11D3-BF4B-00C04F79EFBC}") = "Q1", "Q1\Q1.csproj", "{18A905D4-FABB-4B04-B79B-948A668DEE08}"
EndProject
Project("{FAE04EC0-301F-11D3-BF4B-00C04F79EFBC}") = "Q1Service", "Q1Service\Q1Service.csproj", "{92F2C9B3-4F60-4035-BEF4-BB06B65B72EE}"
EndProject
Project("{FAE04EC0-301F-11D3-BF4B-00C04F79EFBC}") = "Q1Entity", "Q1Entity\Q1Entity.csproj", "{573D05DA-F7D0-4139-929F-98A31E77CB53}"
EndProject
Project("{FAE04EC0-301F-11D3-BF4B-00C04F79EFBC}") = "Q2-3Test", "Q2-3Test\Q2-3Test.csproj", "{1C8CF4B9-3906-4BB9-9D80-DB8C6FA75CB6}"
EndProject
Global
	GlobalSection(SolutionConfigurationPlatforms) = preSolution
		Debug|Any CPU = Debug|Any CPU
		Release|Any CPU = Release|Any CPU
	EndGlobalSection
	GlobalSection(ProjectConfigurationPlatforms) = postSolution
		{7A89383B-4FDC-4DA0-9B3E-31C4F0ED86BE}.Debug|Any CPU.ActiveCfg = Debug|Any CPU
		{7A89383B-4FDC-4DA0-9B3E-31C4F0ED86BE}.Debug|Any CPU.Build.0 = Debug|Any CPU
		{7A89383B-4FDC-4DA0-9B3E-31C4F0ED86BE}.Release|Any CPU.ActiveCfg = Release|Any CPU
		{7A89383B-4FDC-4DA0-9B3E-31C4F0ED86BE}.Release|Any CPU.Build.0 = Release|Any CPU
		{18A905D4-FABB-4B04-B79B-948A668DEE08}.Debug|Any CPU.ActiveCfg = Debug|Any CPU
		{18A905D4-FABB-4B04-B79B-948A668DEE08}.Debug|Any CPU.Build.0 = Debug|Any CPU
		{18A905D4-FABB-4B04-B79B-948A668DEE08}.Release|Any CPU.ActiveCfg = Release|Any CPU
		{18A905D4-FABB-4B04-B79B-948A668DEE08}.Release|Any CPU.Build.0 = Release|Any CPU
		{92F2C9B3-4F60-4035-BEF4-BB06B65B72EE}.Debug|Any CPU.ActiveCfg = Debug|Any CPU
		{92F2C9B3-4F60-4035-BEF4-BB06B65B72EE}.Debug|Any CPU.Build.0 = Debug|Any CPU
		{92F2C9B3-4F60-4035-BEF4-BB06B65B72EE}.Release|Any CPU.ActiveCfg = Release|Any CPU
		{92F2C9B3-4F60-4035-BEF4-BB06B65B72EE}.Release|Any CPU.Build.0 = Release|Any CPU
		{573D05DA-F7D0-4139-929F-98A31E77CB53}.Debug|Any CPU.ActiveCfg = Debug|Any CPU
		{573D05DA-F7D0-4139-929F-98A31E77CB53}.Debug|Any CPU.Build.0 = Debug|Any CPU
		{573D05DA-F7D0-4139-929F-98A31E77CB53}.Release|Any CPU.ActiveCfg = Release|Any CPU
		{573D05DA-F7D0-4139-929F-98A31E77CB53}.Release|Any CPU.Build.0 = Release|Any CPU
		{1C8CF4B9-3906-4BB9-9D80-DB8C6FA75CB6}.Debug|Any CPU.ActiveCfg = Debug|Any CPU
		{1C8CF4B9-3906-4BB9-9D80-DB8C6FA75CB6}.Debug|Any CPU.Build.0 = Debug|Any CPU
		{1C8CF4B9-3906-4BB9-9D80-DB8C6FA75CB6}.Release|Any CPU.ActiveCfg = Release|Any CPU
		{1C8CF4B9-3906-4BB9-9D80-DB8C6FA75CB6}.Release|Any CPU.Build.0 = Release|Any CPU
	EndGlobalSection
	GlobalSection(SolutionProperties) = preSolution
		HideSolutionNode = FALSE
	EndGlobalSection
	GlobalSection(ExtensibilityGlobals) = postSolution
		SolutionGuid = {00C84B47-0291-47E3-A151-B1903137EE92}
	EndGlobalSection
EndGlobal
